// !$*UTF8*$!
{
	archiveVersion = 1;
	classes = {
	};
	objectVersion = 46;
	objects = {

/* Begin PBXBuildFile section */
		DD42E7201D0E48EF009D9904 /* Pizza.swift in Sources */ = {isa = PBXBuildFile; fileRef = DD42E71F1D0E48EF009D9904 /* Pizza.swift */; };
		DD4FDB3E1D0CFBE7001A0F0A /* AppDelegate.swift in Sources */ = {isa = PBXBuildFile; fileRef = DD4FDB3D1D0CFBE7001A0F0A /* AppDelegate.swift */; };
		DD4FDB401D0CFBE7001A0F0A /* ViewController.swift in Sources */ = {isa = PBXBuildFile; fileRef = DD4FDB3F1D0CFBE7001A0F0A /* ViewController.swift */; };
		DD4FDB431D0CFBE7001A0F0A /* Main.storyboard in Resources */ = {isa = PBXBuildFile; fileRef = DD4FDB411D0CFBE7001A0F0A /* Main.storyboard */; };
		DD4FDB481D0CFBE7001A0F0A /* LaunchScreen.storyboard in Resources */ = {isa = PBXBuildFile; fileRef = DD4FDB461D0CFBE7001A0F0A /* LaunchScreen.storyboard */; };
		DD4FDB501D0CFCC7001A0F0A /* SizeViewController.swift in Sources */ = {isa = PBXBuildFile; fileRef = DD4FDB4F1D0CFCC7001A0F0A /* SizeViewController.swift */; };
		DD4FDB521D0CFD03001A0F0A /* BaseViewController.swift in Sources */ = {isa = PBXBuildFile; fileRef = DD4FDB511D0CFD03001A0F0A /* BaseViewController.swift */; };
		DD4FDB541D0CFD0F001A0F0A /* CheeseViewController.swift in Sources */ = {isa = PBXBuildFile; fileRef = DD4FDB531D0CFD0F001A0F0A /* CheeseViewController.swift */; };
		DD4FDB561D0CFD21001A0F0A /* IngredientsViewController.swift in Sources */ = {isa = PBXBuildFile; fileRef = DD4FDB551D0CFD21001A0F0A /* IngredientsViewController.swift */; };
		DD4FDB581D0CFD2E001A0F0A /* ConfirmationViewController.swift in Sources */ = {isa = PBXBuildFile; fileRef = DD4FDB571D0CFD2E001A0F0A /* ConfirmationViewController.swift */; };
		DD4FDB5A1D0D00A4001A0F0A /* Media.xcassets in Resources */ = {isa = PBXBuildFile; fileRef = DD4FDB591D0D00A4001A0F0A /* Media.xcassets */; };
		DD4FDB5E1D0DB8F9001A0F0A /* DLRadioButton.m in Sources */ = {isa = PBXBuildFile; fileRef = DD4FDB5D1D0DB8F9001A0F0A /* DLRadioButton.m */; };
/* End PBXBuildFile section */

/* Begin PBXFileReference section */
		DD42E71F1D0E48EF009D9904 /* Pizza.swift */ = {isa = PBXFileReference; fileEncoding = 4; lastKnownFileType = sourcecode.swift; path = Pizza.swift; sourceTree = "<group>"; };
		DD4FDB3A1D0CFBE7001A0F0A /* PizzApp.app */ = {isa = PBXFileReference; explicitFileType = wrapper.application; includeInIndex = 0; path = PizzApp.app; sourceTree = BUILT_PRODUCTS_DIR; };
		DD4FDB3D1D0CFBE7001A0F0A /* AppDelegate.swift */ = {isa = PBXFileReference; lastKnownFileType = sourcecode.swift; path = AppDelegate.swift; sourceTree = "<group>"; };
		DD4FDB3F1D0CFBE7001A0F0A /* ViewController.swift */ = {isa = PBXFileReference; lastKnownFileType = sourcecode.swift; path = ViewController.swift; sourceTree = "<group>"; };
		DD4FDB421D0CFBE7001A0F0A /* Base */ = {isa = PBXFileReference; lastKnownFileType = file.storyboard; name = Base; path = Base.lproj/Main.storyboard; sourceTree = "<group>"; };
		DD4FDB471D0CFBE7001A0F0A /* Base */ = {isa = PBXFileReference; lastKnownFileType = file.storyboard; name = Base; path = Base.lproj/LaunchScreen.storyboard; sourceTree = "<group>"; };
		DD4FDB491D0CFBE7001A0F0A /* Info.plist */ = {isa = PBXFileReference; lastKnownFileType = text.plist.xml; path = Info.plist; sourceTree = "<group>"; };
		DD4FDB4F1D0CFCC7001A0F0A /* SizeViewController.swift */ = {isa = PBXFileReference; fileEncoding = 4; lastKnownFileType = sourcecode.swift; path = SizeViewController.swift; sourceTree = "<group>"; };
		DD4FDB511D0CFD03001A0F0A /* BaseViewController.swift */ = {isa = PBXFileReference; fileEncoding = 4; lastKnownFileType = sourcecode.swift; path = BaseViewController.swift; sourceTree = "<group>"; };
		DD4FDB531D0CFD0F001A0F0A /* CheeseViewController.swift */ = {isa = PBXFileReference; fileEncoding = 4; lastKnownFileType = sourcecode.swift; path = CheeseViewController.swift; sourceTree = "<group>"; };
		DD4FDB551D0CFD21001A0F0A /* IngredientsViewController.swift */ = {isa = PBXFileReference; fileEncoding = 4; lastKnownFileType = sourcecode.swift; path = IngredientsViewController.swift; sourceTree = "<group>"; };
		DD4FDB571D0CFD2E001A0F0A /* ConfirmationViewController.swift */ = {isa = PBXFileReference; fileEncoding = 4; lastKnownFileType = sourcecode.swift; path = ConfirmationViewController.swift; sourceTree = "<group>"; };
		DD4FDB591D0D00A4001A0F0A /* Media.xcassets */ = {isa = PBXFileReference; lastKnownFileType = folder.assetcatalog; path = Media.xcassets; sourceTree = "<group>"; };
		DD4FDB5B1D0DB8F9001A0F0A /* coursera-interfaz-ios-week2-Bridging-Header.h */ = {isa = PBXFileReference; lastKnownFileType = sourcecode.c.h; path = "coursera-interfaz-ios-week2-Bridging-Header.h"; sourceTree = "<group>"; };
		DD4FDB5C1D0DB8F9001A0F0A /* DLRadioButton.h */ = {isa = PBXFileReference; fileEncoding = 4; lastKnownFileType = sourcecode.c.h; path = DLRadioButton.h; sourceTree = "<group>"; };
		DD4FDB5D1D0DB8F9001A0F0A /* DLRadioButton.m */ = {isa = PBXFileReference; fileEncoding = 4; lastKnownFileType = sourcecode.c.objc; path = DLRadioButton.m; sourceTree = "<group>"; };
/* End PBXFileReference section */

/* Begin PBXFrameworksBuildPhase section */
		DD4FDB371D0CFBE7001A0F0A /* Frameworks */ = {
			isa = PBXFrameworksBuildPhase;
			buildActionMask = 2147483647;
			files = (
			);
			runOnlyForDeploymentPostprocessing = 0;
		};
/* End PBXFrameworksBuildPhase section */

/* Begin PBXGroup section */
		DD4FDB311D0CFBE7001A0F0A = {
			isa = PBXGroup;
			children = (
				DD4FDB3C1D0CFBE7001A0F0A /* coursera-interfaz-ios-week2 */,
				DD4FDB3B1D0CFBE7001A0F0A /* Products */,
			);
			sourceTree = "<group>";
		};
		DD4FDB3B1D0CFBE7001A0F0A /* Products */ = {
			isa = PBXGroup;
			children = (
				DD4FDB3A1D0CFBE7001A0F0A /* PizzApp.app */,
			);
			name = Products;
			sourceTree = "<group>";
		};
		DD4FDB3C1D0CFBE7001A0F0A /* coursera-interfaz-ios-week2 */ = {
			isa = PBXGroup;
			children = (
				DD4FDB3D1D0CFBE7001A0F0A /* AppDelegate.swift */,
				DD4FDB3F1D0CFBE7001A0F0A /* ViewController.swift */,
				DD4FDB411D0CFBE7001A0F0A /* Main.storyboard */,
				DD4FDB461D0CFBE7001A0F0A /* LaunchScreen.storyboard */,
				DD4FDB491D0CFBE7001A0F0A /* Info.plist */,
				DD4FDB4F1D0CFCC7001A0F0A /* SizeViewController.swift */,
				DD4FDB511D0CFD03001A0F0A /* BaseViewController.swift */,
				DD4FDB531D0CFD0F001A0F0A /* CheeseViewController.swift */,
				DD4FDB551D0CFD21001A0F0A /* IngredientsViewController.swift */,
				DD4FDB571D0CFD2E001A0F0A /* ConfirmationViewController.swift */,
				DD4FDB591D0D00A4001A0F0A /* Media.xcassets */,
				DD4FDB5F1D0DB914001A0F0A /* DLRadioButton */,
				DD4FDB5B1D0DB8F9001A0F0A /* coursera-interfaz-ios-week2-Bridging-Header.h */,
				DD42E71F1D0E48EF009D9904 /* Pizza.swift */,
			);
			path = "coursera-interfaz-ios-week2";
			sourceTree = "<group>";
		};
		DD4FDB5F1D0DB914001A0F0A /* DLRadioButton */ = {
			isa = PBXGroup;
			children = (
				DD4FDB5C1D0DB8F9001A0F0A /* DLRadioButton.h */,
				DD4FDB5D1D0DB8F9001A0F0A /* DLRadioButton.m */,
			);
			name = DLRadioButton;
			sourceTree = "<group>";
		};
/* End PBXGroup section */

/* Begin PBXNativeTarget section */
		DD4FDB391D0CFBE7001A0F0A /* coursera-interfaz-ios-week2 */ = {
			isa = PBXNativeTarget;
			buildConfigurationList = DD4FDB4C1D0CFBE7001A0F0A /* Build configuration list for PBXNativeTarget "coursera-interfaz-ios-week2" */;
			buildPhases = (
				DD4FDB361D0CFBE7001A0F0A /* Sources */,
				DD4FDB371D0CFBE7001A0F0A /* Frameworks */,
				DD4FDB381D0CFBE7001A0F0A /* Resources */,
			);
			buildRules = (
			);
			dependencies = (
			);
			name = "coursera-interfaz-ios-week2";
			productName = "coursera-interfaz-ios-week2";
			productReference = DD4FDB3A1D0CFBE7001A0F0A /* PizzApp.app */;
			productType = "com.apple.product-type.application";
		};
/* End PBXNativeTarget section */

/* Begin PBXProject section */
		DD4FDB321D0CFBE7001A0F0A /* Project object */ = {
			isa = PBXProject;
			attributes = {
				LastSwiftUpdateCheck = 0730;
				LastUpgradeCheck = 0730;
				ORGANIZATIONNAME = spezzino;
				TargetAttributes = {
					DD4FDB391D0CFBE7001A0F0A = {
						CreatedOnToolsVersion = 7.3.1;
					};
				};
			};
			buildConfigurationList = DD4FDB351D0CFBE7001A0F0A /* Build configuration list for PBXProject "coursera-interfaz-ios-week2" */;
			compatibilityVersion = "Xcode 3.2";
			developmentRegion = English;
			hasScannedForEncodings = 0;
			knownRegions = (
				en,
				Base,
			);
			mainGroup = DD4FDB311D0CFBE7001A0F0A;
			productRefGroup = DD4FDB3B1D0CFBE7001A0F0A /* Products */;
			projectDirPath = "";
			projectRoot = "";
			targets = (
				DD4FDB391D0CFBE7001A0F0A /* coursera-interfaz-ios-week2 */,
			);
		};
/* End PBXProject section */

/* Begin PBXResourcesBuildPhase section */
		DD4FDB381D0CFBE7001A0F0A /* Resources */ = {
			isa = PBXResourcesBuildPhase;
			buildActionMask = 2147483647;
			files = (
				DD4FDB481D0CFBE7001A0F0A /* LaunchScreen.storyboard in Resources */,
				DD4FDB5A1D0D00A4001A0F0A /* Media.xcassets in Resources */,
				DD4FDB431D0CFBE7001A0F0A /* Main.storyboard in Resources */,
			);
			runOnlyForDeploymentPostprocessing = 0;
		};
/* End PBXResourcesBuildPhase section */

/* Begin PBXSourcesBuildPhase section */
		DD4FDB361D0CFBE7001A0F0A /* Sources */ = {
			isa = PBXSourcesBuildPhase;
			buildActionMask = 2147483647;
			files = (
				DD4FDB581D0CFD2E001A0F0A /* ConfirmationViewController.swift in Sources */,
				DD4FDB401D0CFBE7001A0F0A /* ViewController.swift in Sources */,
				DD42E7201D0E48EF009D9904 /* Pizza.swift in Sources */,
				DD4FDB541D0CFD0F001A0F0A /* CheeseViewController.swift in Sources */,
				DD4FDB521D0CFD03001A0F0A /* BaseViewController.swift in Sources */,
				DD4FDB561D0CFD21001A0F0A /* IngredientsViewController.swift in Sources */,
				DD4FDB5E1D0DB8F9001A0F0A /* DLRadioButton.m in Sources */,
				DD4FDB501D0CFCC7001A0F0A /* SizeViewController.swift in Sources */,
				DD4FDB3E1D0CFBE7001A0F0A /* AppDelegate.swift in Sources */,
			);
			runOnlyForDeploymentPostprocessing = 0;
		};
/* End PBXSourcesBuildPhase section */

/* Begin PBXVariantGroup section */
		DD4FDB411D0CFBE7001A0F0A /* Main.storyboard */ = {
			isa = PBXVariantGroup;
			children = (
				DD4FDB421D0CFBE7001A0F0A /* Base */,
			);
			name = Main.storyboard;
			sourceTree = "<group>";
		};
		DD4FDB461D0CFBE7001A0F0A /* LaunchScreen.storyboard */ = {
			isa = PBXVariantGroup;
			children = (
				DD4FDB471D0CFBE7001A0F0A /* Base */,
			);
			name = LaunchScreen.storyboard;
			sourceTree = "<group>";
		};
/* End PBXVariantGroup section */

/* Begin XCBuildConfiguration section */
		DD4FDB4A1D0CFBE7001A0F0A /* Debug */ = {
			isa = XCBuildConfiguration;
			buildSettings = {
				ALWAYS_SEARCH_USER_PATHS = NO;
				CLANG_ANALYZER_NONNULL = YES;
				CLANG_CXX_LANGUAGE_STANDARD = "gnu++0x";
				CLANG_CXX_LIBRARY = "libc++";
				CLANG_ENABLE_MODULES = YES;
				CLANG_ENABLE_OBJC_ARC = YES;
				CLANG_WARN_BOOL_CONVERSION = YES;
				CLANG_WARN_CONSTANT_CONVERSION = YES;
				CLANG_WARN_DIRECT_OBJC_ISA_USAGE = YES_ERROR;
				CLANG_WARN_EMPTY_BODY = YES;
				CLANG_WARN_ENUM_CONVERSION = YES;
				CLANG_WARN_INT_CONVERSION = YES;
				CLANG_WARN_OBJC_ROOT_CLASS = YES_ERROR;
				CLANG_WARN_UNREACHABLE_CODE = YES;
				CLANG_WARN__DUPLICATE_METHOD_MATCH = YES;
				"CODE_SIGN_IDENTITY[sdk=iphoneos*]" = "iPhone Developer";
				COPY_PHASE_STRIP = NO;
				DEBUG_INFORMATION_FORMAT = dwarf;
				ENABLE_STRICT_OBJC_MSGSEND = YES;
				ENABLE_TESTABILITY = YES;
				GCC_C_LANGUAGE_STANDARD = gnu99;
				GCC_DYNAMIC_NO_PIC = NO;
				GCC_NO_COMMON_BLOCKS = YES;
				GCC_OPTIMIZATION_LEVEL = 0;
				GCC_PREPROCESSOR_DEFINITIONS = (
					"DEBUG=1",
					"$(inherited)",
				);
				GCC_WARN_64_TO_32_BIT_CONVERSION = YES;
				GCC_WARN_ABOUT_RETURN_TYPE = YES_ERROR;
				GCC_WARN_UNDECLARED_SELECTOR = YES;
				GCC_WARN_UNINITIALIZED_AUTOS = YES_AGGRESSIVE;
				GCC_WARN_UNUSED_FUNCTION = YES;
				GCC_WARN_UNUSED_VARIABLE = YES;
				IPHONEOS_DEPLOYMENT_TARGET = 9.3;
				MTL_ENABLE_DEBUG_INFO = YES;
				ONLY_ACTIVE_ARCH = YES;
				SDKROOT = iphoneos;
				SWIFT_OPTIMIZATION_LEVEL = "-Onone";
			};
			name = Debug;
		};
		DD4FDB4B1D0CFBE7001A0F0A /* Release */ = {
			isa = XCBuildConfiguration;
			buildSettings = {
				ALWAYS_SEARCH_USER_PATHS = NO;
				CLANG_ANALYZER_NONNULL = YES;
				CLANG_CXX_LANGUAGE_STANDARD = "gnu++0x";
				CLANG_CXX_LIBRARY = "libc++";
				CLANG_ENABLE_MODULES = YES;
				CLANG_ENABLE_OBJC_ARC = YES;
				CLANG_WARN_BOOL_CONVERSION = YES;
				CLANG_WARN_CONSTANT_CONVERSION = YES;
				CLANG_WARN_DIRECT_OBJC_ISA_USAGE = YES_ERROR;
				CLANG_WARN_EMPTY_BODY = YES;
				CLANG_WARN_ENUM_CONVERSION = YES;
				CLANG_WARN_INT_CONVERSION = YES;
				CLANG_WARN_OBJC_ROOT_CLASS = YES_ERROR;
				CLANG_WARN_UNREACHABLE_CODE = YES;
				CLANG_WARN__DUPLICATE_METHOD_MATCH = YES;
				"CODE_SIGN_IDENTITY[sdk=iphoneos*]" = "iPhone Developer";
				COPY_PHASE_STRIP = NO;
				DEBUG_INFORMATION_FORMAT = "dwarf-with-dsym";
				ENABLE_NS_ASSERTIONS = NO;
				ENABLE_STRICT_OBJC_MSGSEND = YES;
				GCC_C_LANGUAGE_STANDARD = gnu99;
				GCC_NO_COMMON_BLOCKS = YES;
				GCC_WARN_64_TO_32_BIT_CONVERSION = YES;
				GCC_WARN_ABOUT_RETURN_TYPE = YES_ERROR;
				GCC_WARN_UNDECLARED_SELECTOR = YES;
				GCC_WARN_UNINITIALIZED_AUTOS = YES_AGGRESSIVE;
				GCC_WARN_UNUSED_FUNCTION = YES;
				GCC_WARN_UNUSED_VARIABLE = YES;
				IPHONEOS_DEPLOYMENT_TARGET = 9.3;
				MTL_ENABLE_DEBUG_INFO = NO;
				SDKROOT = iphoneos;
				VALIDATE_PRODUCT = YES;
			};
			name = Release;
		};
		DD4FDB4D1D0CFBE7001A0F0A /* Debug */ = {
			isa = XCBuildConfiguration;
			buildSettings = {
				ASSETCATALOG_COMPILER_APPICON_NAME = AppIcon;
				CLANG_ENABLE_MODULES = YES;
				INFOPLIST_FILE = "coursera-interfaz-ios-week2/Info.plist";
				LD_RUNPATH_SEARCH_PATHS = "$(inherited) @executable_path/Frameworks";
				PRODUCT_BUNDLE_IDENTIFIER = "SP.coursera-interfaz-ios-week2";
				PRODUCT_NAME = PizzApp;
				SWIFT_OBJC_BRIDGING_HEADER = "coursera-interfaz-ios-week2/coursera-interfaz-ios-week2-Bridging-Header.h";
				SWIFT_OPTIMIZATION_LEVEL = "-Onone";
			};
			name = Debug;
		};
		DD4FDB4E1D0CFBE7001A0F0A /* Release */ = {
			isa = XCBuildConfiguration;
			buildSettings = {
				ASSETCATALOG_COMPILER_APPICON_NAME = AppIcon;
				CLANG_ENABLE_MODULES = YES;
				INFOPLIST_FILE = "coursera-interfaz-ios-week2/Info.plist";
				LD_RUNPATH_SEARCH_PATHS = "$(inherited) @executable_path/Frameworks";
				PRODUCT_BUNDLE_IDENTIFIER = "SP.coursera-interfaz-ios-week2";
				PRODUCT_NAME = PizzApp;
				SWIFT_OBJC_BRIDGING_HEADER = "coursera-interfaz-ios-week2/coursera-interfaz-ios-week2-Bridging-Header.h";
			};
			name = Release;
		};
/* End XCBuildConfiguration section */

/* Begin XCConfigurationList section */
		DD4FDB351D0CFBE7001A0F0A /* Build configuration list for PBXProject "coursera-interfaz-ios-week2" */ = {
			isa = XCConfigurationList;
			buildConfigurations = (
				DD4FDB4A1D0CFBE7001A0F0A /* Debug */,
				DD4FDB4B1D0CFBE7001A0F0A /* Release */,
			);
			defaultConfigurationIsVisible = 0;
			defaultConfigurationName = Release;
		};
		DD4FDB4C1D0CFBE7001A0F0A /* Build configuration list for PBXNativeTarget "coursera-interfaz-ios-week2" */ = {
			isa = XCConfigurationList;
			buildConfigurations = (
				DD4FDB4D1D0CFBE7001A0F0A /* Debug */,
				DD4FDB4E1D0CFBE7001A0F0A /* Release */,
			);
			defaultConfigurationIsVisible = 0;
			defaultConfigurationName = Release;
		};
/* End XCConfigurationList section */
	};
	rootObject = DD4FDB321D0CFBE7001A0F0A /* Project object */;
}
